
Microsoft Visual Studio Solution File, Format Version 12.00
# Visual Studio Version 17
VisualStudioVersion = 17.5.2.0
MinimumVisualStudioVersion = 10.0.40219.1
Project("{FAE04EC0-301F-11D3-BF4B-00C04F79EFBC}") = "API", "API\API.csproj", "{CBFA08EA-AECE-205F-7B85-326FD0B81BAD}"
EndProject
Project("{FAE04EC0-301F-11D3-BF4B-00C04F79EFBC}") = "AssignmentComparison", "AssignmentComparison\AssignmentComparison.csproj", "{2473DA58-67A6-4884-F98D-CB5F98691A69}"
EndProject
Project("{FAE04EC0-301F-11D3-BF4B-00C04F79EFBC}") = "HeadcountAllocation", "HeadcountAllocation\HeadcountAllocation.csproj", "{DC106036-A1AA-2763-F342-648AFC4DB75B}"
EndProject
Project("{FAE04EC0-301F-11D3-BF4B-00C04F79EFBC}") = "Tests.Tests", "Tests.Tests\Tests.Tests.csproj", "{121F21BC-CEED-4BB1-B6B1-9A75C23C6742}"
EndProject
Global
	GlobalSection(SolutionConfigurationPlatforms) = preSolution
		Debug|Any CPU = Debug|Any CPU
		Release|Any CPU = Release|Any CPU
	EndGlobalSection
	GlobalSection(ProjectConfigurationPlatforms) = postSolution
		{CBFA08EA-AECE-205F-7B85-326FD0B81BAD}.Debug|Any CPU.ActiveCfg = Debug|Any CPU
		{CBFA08EA-AECE-205F-7B85-326FD0B81BAD}.Debug|Any CPU.Build.0 = Debug|Any CPU
		{CBFA08EA-AECE-205F-7B85-326FD0B81BAD}.Release|Any CPU.ActiveCfg = Release|Any CPU
		{CBFA08EA-AECE-205F-7B85-326FD0B81BAD}.Release|Any CPU.Build.0 = Release|Any CPU
		{2473DA58-67A6-4884-F98D-CB5F98691A69}.Debug|Any CPU.ActiveCfg = Debug|Any CPU
		{2473DA58-67A6-4884-F98D-CB5F98691A69}.Debug|Any CPU.Build.0 = Debug|Any CPU
		{2473DA58-67A6-4884-F98D-CB5F98691A69}.Release|Any CPU.ActiveCfg = Release|Any CPU
		{2473DA58-67A6-4884-F98D-CB5F98691A69}.Release|Any CPU.Build.0 = Release|Any CPU
		{DC106036-A1AA-2763-F342-648AFC4DB75B}.Debug|Any CPU.ActiveCfg = Debug|Any CPU
		{DC106036-A1AA-2763-F342-648AFC4DB75B}.Debug|Any CPU.Build.0 = Debug|Any CPU
		{DC106036-A1AA-2763-F342-648AFC4DB75B}.Release|Any CPU.ActiveCfg = Release|Any CPU
		{DC106036-A1AA-2763-F342-648AFC4DB75B}.Release|Any CPU.Build.0 = Release|Any CPU
		{121F21BC-CEED-4BB1-B6B1-9A75C23C6742}.Debug|Any CPU.ActiveCfg = Debug|Any CPU
		{121F21BC-CEED-4BB1-B6B1-9A75C23C6742}.Debug|Any CPU.Build.0 = Debug|Any CPU
		{121F21BC-CEED-4BB1-B6B1-9A75C23C6742}.Release|Any CPU.ActiveCfg = Release|Any CPU
		{121F21BC-CEED-4BB1-B6B1-9A75C23C6742}.Release|Any CPU.Build.0 = Release|Any CPU
	EndGlobalSection
	GlobalSection(SolutionProperties) = preSolution
		HideSolutionNode = FALSE
	EndGlobalSection
	GlobalSection(ExtensibilityGlobals) = postSolution
		SolutionGuid = {E3513E04-1D91-485C-8978-E0051FC2873D}
	EndGlobalSection
EndGlobal
